
Microsoft Visual Studio Solution File, Format Version 12.00
# Visual Studio Version 17
VisualStudioVersion = 17.13.35931.197 d17.13
MinimumVisualStudioVersion = 10.0.40219.1
Project("{FAE04EC0-301F-11D3-BF4B-00C04F79EFBC}") = "Diplomwork", "Diplomwork\Diplomwork.csproj", "{6CBF5330-5FC7-4E24-8F1D-FD44A6ACD34B}"
EndProject
Global
	GlobalSection(SolutionConfigurationPlatforms) = preSolution
		Debug|Any CPU = Debug|Any CPU
		Release|Any CPU = Release|Any CPU
	EndGlobalSection
	GlobalSection(ProjectConfigurationPlatforms) = postSolution
		{6CBF5330-5FC7-4E24-8F1D-FD44A6ACD34B}.Debug|Any CPU.ActiveCfg = Debug|Any CPU
		{6CBF5330-5FC7-4E24-8F1D-FD44A6ACD34B}.Debug|Any CPU.Build.0 = Debug|Any CPU
		{6CBF5330-5FC7-4E24-8F1D-FD44A6ACD34B}.Release|Any CPU.ActiveCfg = Release|Any CPU
		{6CBF5330-5FC7-4E24-8F1D-FD44A6ACD34B}.Release|Any CPU.Build.0 = Release|Any CPU
	EndGlobalSection
	GlobalSection(SolutionProperties) = preSolution
		HideSolutionNode = FALSE
	EndGlobalSection
	GlobalSection(ExtensibilityGlobals) = postSolution
		SolutionGuid = {A634BD84-3344-4636-9120-6408EB3F941D}
	EndGlobalSection
EndGlobal
